
Microsoft Visual Studio Solution File, Format Version 12.00
# Visual Studio Version 17
VisualStudioVersion = 17.4.33122.133
MinimumVisualStudioVersion = 10.0.40219.1
Project("{FAE04EC0-301F-11D3-BF4B-00C04F79EFBC}") = "Template_Design_Pattern", "Template_Design_Pattern\Template_Design_Pattern.csproj", "{3639094F-8ED0-436B-904D-CCEB772E6FAF}"
EndProject
Global
	GlobalSection(SolutionConfigurationPlatforms) = preSolution
		Debug|Any CPU = Debug|Any CPU
		Release|Any CPU = Release|Any CPU
	EndGlobalSection
	GlobalSection(ProjectConfigurationPlatforms) = postSolution
		{3639094F-8ED0-436B-904D-CCEB772E6FAF}.Debug|Any CPU.ActiveCfg = Debug|Any CPU
		{3639094F-8ED0-436B-904D-CCEB772E6FAF}.Debug|Any CPU.Build.0 = Debug|Any CPU
		{3639094F-8ED0-436B-904D-CCEB772E6FAF}.Release|Any CPU.ActiveCfg = Release|Any CPU
		{3639094F-8ED0-436B-904D-CCEB772E6FAF}.Release|Any CPU.Build.0 = Release|Any CPU
	EndGlobalSection
	GlobalSection(SolutionProperties) = preSolution
		HideSolutionNode = FALSE
	EndGlobalSection
	GlobalSection(ExtensibilityGlobals) = postSolution
		SolutionGuid = {092FFDA1-5725-455A-B786-0738ECBD9D05}
	EndGlobalSection
EndGlobal
